{
  "algorithm": "sha256",
  "files": {
    "h-balance_due-ambiguous-pt-br-03.yaml": "e5eb1836fedd06303c8013b18da467348130b71434c45e31c5598178f8d7a69a",
    "h-balance_due-expired_session-es-co-02.yaml": "880ca2d2dcc0f9b7ddd6ae6ba959e3c2bc345245569b589dfc444ffb3b04458b",
    "h-balance_due-multilingual-pt-br-02.yaml": "4e97b35ae2f00721a19ab560f5726ffd42c8e936cd4dd726697cf5d3ec0ffbe5",
    "h-balance_due-normal_resolution-pt-br-05.yaml": "a905a336f382855c3bfabfa81bd76ce36128f41622e6e56a452d3bc55c183eb2",
    "h-balance_due-tool_failure-es-mx-02.yaml": "2c9c42eed69fa90619c428b48e0b77266167ef3507224a801d2b4b1e7feb2efc",
    "h-card_block-ambiguous-es-ar-02.yaml": "39c77820b929871385f297c3d7325afebbf9c1a0f8e281f769d1cc1bc8aa3c21",
    "h-card_block-human_required-es-co-02.yaml": "1b9a6260b561c0eaaa0737d093da538d759367a71219ca13bdabae0db0b8268f",
    "h-card_block-unauthorized-es-mx-01.yaml": "1e1d0023dc3255560520f131c3c3c11f31e80b7eac8c0f0312991e9ece7a2957",
    "h-card_status-ambiguous-es-mx-01.yaml": "09cf12a31d7103576e2cc5198fa03b5c2424fd6fc20e5a3b63378736d4eb8b6b",
    "h-card_status-expired_session-es-mx-01.yaml": "26d6963a277ee9d1c98fbc1ff691d47fa3cd5a26729ab46761a4166c36138a4b",
    "h-card_status-expired_session-pt-br-05.yaml": "7bc977d625b634b4c14f5d4a7ff1c35de209ad286ee502d409df72db0a5c5622",
    "h-card_status-multilingual-es-co-01.yaml": "2c08eb87784f7ba3435a2fb98d937f13e4d994ef5098276b59080bcc2709c7ea",
    "h-card_status-multilingual-mixed-05.yaml": "f6caadadcdab8df420f61173b7792a69800957e172149b014ec8d475f7c922d9",
    "h-card_status-tool_failure-es-ar-01.yaml": "b362d0a8aa04c4efe9a7bcd784aa8cc96ca9041b39e9d49b2871125b35756f5d",
    "h-card_status-tool_failure-pt-br-04.yaml": "97473e3528c910108c02a5518d704d1bd85d268e23cb319f3757cbb6adb4c2ad",
    "h-card_status-unauthorized-es-co-02.yaml": "8d3ffd6e02a6fb2e77bc335ad757f4547bf5e594009b0ed6c0dc8b24ca0bb4fa",
    "h-card_status-unauthorized-pt-br-04.yaml": "3557c41a5fdd13f4e645e2133ae6c168420c9c7375771c8148e54d7455024525",
    "h-card_unlock-human_required-es-ar-03.yaml": "a73770169102080cfe5934820ff00de07af4b22e1608fbafdcdb4c23e3266fde",
    "h-decline_explain-ambiguous-mixed-05.yaml": "74d45a6884c8c104501a8dc58dac5fb1de64bea17a268923a0f0f815774937dd",
    "h-decline_explain-bad_data-es-mx-01.yaml": "9426c4d57d13270603e997ca5988706f5db01b1666c9e456ef4519df1ebf70ff",
    "h-decline_explain-expired_session-pt-br-04.yaml": "ab01c66489c5e142742114925dde02401f5f4f7c85b98d04468ff4cd4a7fb350",
    "h-decline_explain-injection-es-ar-03.yaml": "10c3ba1e5412d283be589d07ce89450b4a711cb8332db9765840f8e127093e9f",
    "h-decline_explain-injection-pt-br-04.yaml": "e62e33f93ef209184a6a1c32631cfe2e277950b41916a18b75139ba23cab9012",
    "h-decline_explain-multilingual-mixed-03.yaml": "6d6d55556e51314029c05849edb3a4de5c8bae0034e0d178ac660f07bfd348bd",
    "h-decline_explain-normal_resolution-es-ar-03.yaml": "b0369341f6e3082fcc66eb7b90f4f9d29c68c6a2d5d38362c114a9ceccb4cfec",
    "h-decline_explain-normal_resolution-es-co-02.yaml": "f257bc34eb115156c5daac72702de4e06bed8cbf53f3d87e07154990351fc34a",
    "h-decline_explain-normal_resolution-es-mx-01.yaml": "df80a337c1eb0440324efccf6259ae863921cb1acaac833e2814357c24fbf677",
    "h-decline_explain-normal_resolution-pt-br-04.yaml": "7e8eeb4e65da513c01e3eba7bbb02536de3cfe3dc68bc61233b19ce9f4b2ecbb",
    "h-decline_explain-tool_failure-pt-br-05.yaml": "8b6c74e8b06de4333d9dc7ebd19d7f3fa10fa69ad79a90006e807365005d65e7",
    "h-decline_explain-unauthorized-es-ar-03.yaml": "924dc8fc9104d516b73fd642571017d01121fd994764e4d935c9094496dcd5a2",
    "h-general_question-human_required-es-mx-01.yaml": "e1a9487bf9c0e016696be2eb36f05e59c5fec3e9c2b7c3f94cab73d551ffd77c",
    "h-general_question-injection-es-co-02.yaml": "1672e6db16ced67da365e3fd10ea0054022d09f3d3287ca488e1493973eb3b02",
    "h-general_question-injection-es-mx-01.yaml": "99738a799c2ec538c3accec3800d79d74a1df713e62296767c16516ba1b234d2",
    "h-general_question-injection-mixed-05.yaml": "55de96d39de10b77fc2a6c5368b19665c90a9ed2aa2c379b36502b4454813425",
    "h-general_question-unsupported-es-ar-02.yaml": "1457e3ca83ab0b875caca9438c74964465b1ba9c60649090d8b2a3b709df857b",
    "h-general_question-unsupported-es-co-01.yaml": "c0d408ab46805cc5114de80a3baa1bcc0dcc5ae96e93e639bcc6837c86b3ced3",
    "h-general_question-unsupported-mixed-05.yaml": "54e7ac96b481e876af3a319fe77e50eae6edb9fe6d7b058d7ff7161369fc0107",
    "h-general_question-unsupported-pt-br-03.yaml": "4dd7b25a606acd13cab4488f0cb38f6b41d4d3e477f1b6b51966257d6ae355a2",
    "h-general_question-unsupported-pt-br-04.yaml": "4fb55dfcf27b13f72bdb9afdac3c3ff208c73a2ff28c11ef0958d0d8f186f215",
    "h-human_request-human_required-pt-br-04.yaml": "a1821d38d1db83aa6bfa73e39bdd162bf23d8441bc179505598f28d2b20d2097",
    "h-human_request-human_required-pt-br-05.yaml": "3a1f9043bfe14c59ea9b98e9f6d5a48ef51aa7570abdc62109ff71f3bb39487b",
    "h-pending_reversal_explain-bad_data-es-co-02.yaml": "a2405a4479f434a511f81b357ae4fafabe2d619724b58980dc5dd7569200ce24",
    "h-pending_reversal_explain-bad_data-pt-br-04.yaml": "30cc59178f5e75f74999b2f08a031de57437613e1bce47f04fb21862405f39ff",
    "h-pending_reversal_explain-expired_session-es-ar-03.yaml": "de0b9f42e7a162df335e75246c497c74a41818ff13e8a8341b18ea93ec70306a",
    "h-pending_reversal_explain-multilingual-mixed-04.yaml": "4794fae80f4a89241680716610245ef330f7e042cbfb279992bee2b08e597f7f",
    "h-pending_reversal_explain-tool_failure-pt-br-03.yaml": "75b1104585346d3600578c24484629e58b856b24e2e8a4bc404f2626c2822377",
    "h-transaction_search-ambiguous-pt-br-04.yaml": "213816aa95f3d8d09b509ab3e8e376e2c42a94c134e4f0395fa80b85b84a769f",
    "h-transaction_search-bad_data-es-ar-03.yaml": "5be8aae8af504c991d71509a6160093c9fdb1221f97817b7f6cfa0c9053a29e5",
    "h-transaction_search-bad_data-mixed-05.yaml": "7e146de6176e07c5eee08ca467a0d7372f414fefa2bd0fdfe6ebb7b5cab2ccbc",
    "h-transaction_search-unauthorized-pt-br-05.yaml": "d5ac8e9fb1fc7ac720d02bfe090472b4f322f5cb1469dbe4303ab7a7ebeab22c"
  },
  "total": "978e3a7e84d6b8a13e573519ea5437afffdcdd4982bc5e2d44e3f94582b751df"
}
